
Microsoft Visual Studio Solution File, Format Version 12.00
# Visual Studio Version 16
VisualStudioVersion = 25.0.1706.12
MinimumVisualStudioVersion = 10.0.40219.1
Project("{FAE04EC0-301F-11D3-BF4B-00C04F79EFBC}") = "MethodOverloading", "MethodOverloading.csproj", "{8D503AF4-4D47-44F3-A006-27418F798969}"
EndProject
Global
	GlobalSection(SolutionConfigurationPlatforms) = preSolution
		Debug|Any CPU = Debug|Any CPU
		Release|Any CPU = Release|Any CPU
	EndGlobalSection
	GlobalSection(ProjectConfigurationPlatforms) = postSolution
		{8D503AF4-4D47-44F3-A006-27418F798969}.Debug|Any CPU.ActiveCfg = Debug|Any CPU
		{8D503AF4-4D47-44F3-A006-27418F798969}.Debug|Any CPU.Build.0 = Debug|Any CPU
		{8D503AF4-4D47-44F3-A006-27418F798969}.Release|Any CPU.ActiveCfg = Release|Any CPU
		{8D503AF4-4D47-44F3-A006-27418F798969}.Release|Any CPU.Build.0 = Release|Any CPU
	EndGlobalSection
	GlobalSection(SolutionProperties) = preSolution
		HideSolutionNode = FALSE
	EndGlobalSection
	GlobalSection(ExtensibilityGlobals) = postSolution
		SolutionGuid = {7D096F5D-D283-4612-ABCD-486B22ABB9A3}
	EndGlobalSection
EndGlobal
